Microsoft Visual Studio Solution File, Format Version 12.00
# Visual Studio Version 17
VisualStudioVersion = 17.13.35825.156
MinimumVisualStudioVersion = 10.0.40219.1
Project("{E53339B2-1760-4266-BCC7-CA923CBCF16C}") = "docker-compose", "docker-compose.dcproj", "{81DDED9D-158B-E303-5F62-77A2896D2A5A}"
EndProject
Project("{2150E333-8FDC-42A3-9474-1A3956D46DE8}") = "src", "src", "{87FA1B17-E449-4946-906D-4B3923A52A52}"
EndProject
Project("{FAE04EC0-301F-11D3-BF4B-00C04F79EFBC}") = "Worker.API", "src\Worker.API\Worker.API.csproj", "{95B09A07-05F6-3F5F-CE42-99287C8FF0B7}"
EndProject
Project("{FAE04EC0-301F-11D3-BF4B-00C04F79EFBC}") = "Worker.Application", "src\Worker.Application\Worker.Application.csproj", "{407DA329-B77E-B1DA-021B-0CE9127FC16D}"
EndProject
Project("{FAE04EC0-301F-11D3-BF4B-00C04F79EFBC}") = "Worker.Domain", "src\Worker.Domain\Worker.Domain.csproj", "{3BCF3087-BB21-73D7-097B-96BEBD4A1B6C}"
EndProject
Project("{FAE04EC0-301F-11D3-BF4B-00C04F79EFBC}") = "Worker.Infrastructure", "src\Worker.Infrastructure\Worker.Infrastructure.csproj", "{0C9B583D-8A7A-5ADE-FA54-3966F55C6B4E}"
EndProject
Project("{2150E333-8FDC-42A3-9474-1A3956D46DE8}") = "tests", "tests", "{02EA681E-C7D8-13C7-8484-4AC65E1B71E8}"
EndProject
Project("{FAE04EC0-301F-11D3-BF4B-00C04F79EFBC}") = "Worker.API.Tests", "tests\Worker.API.Tests\Worker.API.Tests.csproj", "{4AFA7948-36B3-3875-A930-E0776170EB93}"
EndProject
Project("{FAE04EC0-301F-11D3-BF4B-00C04F79EFBC}") = "Worker.Application.Tests", "tests\Worker.Application.Tests\Worker.Application.Tests.csproj", "{6A52C568-44DC-F60E-E938-825E2981B835}"
EndProject
Global
	GlobalSection(SolutionConfigurationPlatforms) = preSolution
		Debug|Any CPU = Debug|Any CPU
		Release|Any CPU = Release|Any CPU
	EndGlobalSection
	GlobalSection(ProjectConfigurationPlatforms) = postSolution
		{81DDED9D-158B-E303-5F62-77A2896D2A5A}.Debug|Any CPU.ActiveCfg = Debug|Any CPU
		{81DDED9D-158B-E303-5F62-77A2896D2A5A}.Debug|Any CPU.Build.0 = Debug|Any CPU
		{81DDED9D-158B-E303-5F62-77A2896D2A5A}.Release|Any CPU.ActiveCfg = Release|Any CPU
		{81DDED9D-158B-E303-5F62-77A2896D2A5A}.Release|Any CPU.Build.0 = Release|Any CPU
		{95B09A07-05F6-3F5F-CE42-99287C8FF0B7}.Debug|Any CPU.ActiveCfg = Debug|Any CPU
		{95B09A07-05F6-3F5F-CE42-99287C8FF0B7}.Debug|Any CPU.Build.0 = Debug|Any CPU
		{95B09A07-05F6-3F5F-CE42-99287C8FF0B7}.Release|Any CPU.ActiveCfg = Release|Any CPU
		{95B09A07-05F6-3F5F-CE42-99287C8FF0B7}.Release|Any CPU.Build.0 = Release|Any CPU
		{407DA329-B77E-B1DA-021B-0CE9127FC16D}.Debug|Any CPU.ActiveCfg = Debug|Any CPU
		{407DA329-B77E-B1DA-021B-0CE9127FC16D}.Debug|Any CPU.Build.0 = Debug|Any CPU
		{407DA329-B77E-B1DA-021B-0CE9127FC16D}.Release|Any CPU.ActiveCfg = Release|Any CPU
		{407DA329-B77E-B1DA-021B-0CE9127FC16D}.Release|Any CPU.Build.0 = Release|Any CPU
		{3BCF3087-BB21-73D7-097B-96BEBD4A1B6C}.Debug|Any CPU.ActiveCfg = Debug|Any CPU
		{3BCF3087-BB21-73D7-097B-96BEBD4A1B6C}.Debug|Any CPU.Build.0 = Debug|Any CPU
		{3BCF3087-BB21-73D7-097B-96BEBD4A1B6C}.Release|Any CPU.ActiveCfg = Release|Any CPU
		{3BCF3087-BB21-73D7-097B-96BEBD4A1B6C}.Release|Any CPU.Build.0 = Release|Any CPU
		{0C9B583D-8A7A-5ADE-FA54-3966F55C6B4E}.Debug|Any CPU.ActiveCfg = Debug|Any CPU
		{0C9B583D-8A7A-5ADE-FA54-3966F55C6B4E}.Debug|Any CPU.Build.0 = Debug|Any CPU
		{0C9B583D-8A7A-5ADE-FA54-3966F55C6B4E}.Release|Any CPU.ActiveCfg = Release|Any CPU
		{0C9B583D-8A7A-5ADE-FA54-3966F55C6B4E}.Release|Any CPU.Build.0 = Release|Any CPU
		{4AFA7948-36B3-3875-A930-E0776170EB93}.Debug|Any CPU.ActiveCfg = Debug|Any CPU
		{4AFA7948-36B3-3875-A930-E0776170EB93}.Debug|Any CPU.Build.0 = Debug|Any CPU
		{4AFA7948-36B3-3875-A930-E0776170EB93}.Release|Any CPU.ActiveCfg = Release|Any CPU
		{4AFA7948-36B3-3875-A930-E0776170EB93}.Release|Any CPU.Build.0 = Release|Any CPU
		{6A52C568-44DC-F60E-E938-825E2981B835}.Debug|Any CPU.ActiveCfg = Debug|Any CPU
		{6A52C568-44DC-F60E-E938-825E2981B835}.Debug|Any CPU.Build.0 = Debug|Any CPU
		{6A52C568-44DC-F60E-E938-825E2981B835}.Release|Any CPU.ActiveCfg = Release|Any CPU
		{6A52C568-44DC-F60E-E938-825E2981B835}.Release|Any CPU.Build.0 = Release|Any CPU
	EndGlobalSection
	GlobalSection(SolutionProperties) = preSolution
		HideSolutionNode = FALSE
	EndGlobalSection
	GlobalSection(NestedProjects) = preSolution
		{95B09A07-05F6-3F5F-CE42-99287C8FF0B7} = {87FA1B17-E449-4946-906D-4B3923A52A52}
		{407DA329-B77E-B1DA-021B-0CE9127FC16D} = {87FA1B17-E449-4946-906D-4B3923A52A52}
		{3BCF3087-BB21-73D7-097B-96BEBD4A1B6C} = {87FA1B17-E449-4946-906D-4B3923A52A52}
		{0C9B583D-8A7A-5ADE-FA54-3966F55C6B4E} = {87FA1B17-E449-4946-906D-4B3923A52A52}
		{4AFA7948-36B3-3875-A930-E0776170EB93} = {02EA681E-C7D8-13C7-8484-4AC65E1B71E8}
		{6A52C568-44DC-F60E-E938-825E2981B835} = {02EA681E-C7D8-13C7-8484-4AC65E1B71E8}
	EndGlobalSection
	GlobalSection(ExtensibilityGlobals) = postSolution
		SolutionGuid = {179CA6C5-EACF-48D7-835A-65819B6419D8}
	EndGlobalSection
EndGlobal
